
Microsoft Visual Studio Solution File, Format Version 12.00
# Visual Studio Version 17
VisualStudioVersion = 17.13.35828.75 d17.13
MinimumVisualStudioVersion = 10.0.40219.1
Project("{888888A0-9F3D-457C-B088-3A5042F75D52}") = "TechChallengeVF", "TechChallengeVF\TechChallengeVF.pyproj", "{6B9BEF5B-CFB6-4B06-9E38-B69A89B4C2F4}"
EndProject
Global
	GlobalSection(SolutionConfigurationPlatforms) = preSolution
		Debug|Any CPU = Debug|Any CPU
		Release|Any CPU = Release|Any CPU
	EndGlobalSection
	GlobalSection(ProjectConfigurationPlatforms) = postSolution
		{6B9BEF5B-CFB6-4B06-9E38-B69A89B4C2F4}.Debug|Any CPU.ActiveCfg = Debug|Any CPU
		{6B9BEF5B-CFB6-4B06-9E38-B69A89B4C2F4}.Release|Any CPU.ActiveCfg = Release|Any CPU
	EndGlobalSection
	GlobalSection(SolutionProperties) = preSolution
		HideSolutionNode = FALSE
	EndGlobalSection
	GlobalSection(ExtensibilityGlobals) = postSolution
		SolutionGuid = {B738C09D-83D0-492A-AE7B-F527BC1D66DB}
	EndGlobalSection
EndGlobal
